
Microsoft Visual Studio Solution File, Format Version 12.00
# Visual Studio 15
VisualStudioVersion = 15.0.28307.645
MinimumVisualStudioVersion = 10.0.40219.1
Project("{9A19103F-16F7-4668-BE54-9A1E7A4F7556}") = "ASPCorePractise", "ASPCorePractise\ASPCorePractise.csproj", "{C538AFE1-2121-429C-AF0C-FE8BE53677F0}"
EndProject
Project("{FAE04EC0-301F-11D3-BF4B-00C04F79EFBC}") = "Files", "..\Files\Files.csproj", "{3B4EE0BA-0C64-4729-9CB3-96AC2C2BD801}"
EndProject
Project("{9A19103F-16F7-4668-BE54-9A1E7A4F7556}") = "Shared", "Shared\Shared.csproj", "{7A9A9DA9-D385-4321-BFCB-10F0E6A21F10}"
EndProject
Project("{9A19103F-16F7-4668-BE54-9A1E7A4F7556}") = "WebPage", "WebPage\WebPage.csproj", "{30867D18-7470-4901-A9A8-1E4C583BF269}"
EndProject
Project("{FAE04EC0-301F-11D3-BF4B-00C04F79EFBC}") = "Console_candelete", "Console_candelete\Console_candelete.csproj", "{0DA1D8EB-4259-49CA-A2EC-B04FD61D5A9B}"
EndProject
Global
	GlobalSection(SolutionConfigurationPlatforms) = preSolution
		Debug|Any CPU = Debug|Any CPU
		Release|Any CPU = Release|Any CPU
	EndGlobalSection
	GlobalSection(ProjectConfigurationPlatforms) = postSolution
		{C538AFE1-2121-429C-AF0C-FE8BE53677F0}.Debug|Any CPU.ActiveCfg = Debug|Any CPU
		{C538AFE1-2121-429C-AF0C-FE8BE53677F0}.Debug|Any CPU.Build.0 = Debug|Any CPU
		{C538AFE1-2121-429C-AF0C-FE8BE53677F0}.Release|Any CPU.ActiveCfg = Release|Any CPU
		{C538AFE1-2121-429C-AF0C-FE8BE53677F0}.Release|Any CPU.Build.0 = Release|Any CPU
		{3B4EE0BA-0C64-4729-9CB3-96AC2C2BD801}.Debug|Any CPU.ActiveCfg = Debug|Any CPU
		{3B4EE0BA-0C64-4729-9CB3-96AC2C2BD801}.Debug|Any CPU.Build.0 = Debug|Any CPU
		{3B4EE0BA-0C64-4729-9CB3-96AC2C2BD801}.Release|Any CPU.ActiveCfg = Release|Any CPU
		{3B4EE0BA-0C64-4729-9CB3-96AC2C2BD801}.Release|Any CPU.Build.0 = Release|Any CPU
		{7A9A9DA9-D385-4321-BFCB-10F0E6A21F10}.Debug|Any CPU.ActiveCfg = Debug|Any CPU
		{7A9A9DA9-D385-4321-BFCB-10F0E6A21F10}.Debug|Any CPU.Build.0 = Debug|Any CPU
		{7A9A9DA9-D385-4321-BFCB-10F0E6A21F10}.Release|Any CPU.ActiveCfg = Release|Any CPU
		{7A9A9DA9-D385-4321-BFCB-10F0E6A21F10}.Release|Any CPU.Build.0 = Release|Any CPU
		{30867D18-7470-4901-A9A8-1E4C583BF269}.Debug|Any CPU.ActiveCfg = Debug|Any CPU
		{30867D18-7470-4901-A9A8-1E4C583BF269}.Debug|Any CPU.Build.0 = Debug|Any CPU
		{30867D18-7470-4901-A9A8-1E4C583BF269}.Release|Any CPU.ActiveCfg = Release|Any CPU
		{30867D18-7470-4901-A9A8-1E4C583BF269}.Release|Any CPU.Build.0 = Release|Any CPU
		{0DA1D8EB-4259-49CA-A2EC-B04FD61D5A9B}.Debug|Any CPU.ActiveCfg = Debug|Any CPU
		{0DA1D8EB-4259-49CA-A2EC-B04FD61D5A9B}.Debug|Any CPU.Build.0 = Debug|Any CPU
		{0DA1D8EB-4259-49CA-A2EC-B04FD61D5A9B}.Release|Any CPU.ActiveCfg = Release|Any CPU
		{0DA1D8EB-4259-49CA-A2EC-B04FD61D5A9B}.Release|Any CPU.Build.0 = Release|Any CPU
	EndGlobalSection
	GlobalSection(SolutionProperties) = preSolution
		HideSolutionNode = FALSE
	EndGlobalSection
	GlobalSection(ExtensibilityGlobals) = postSolution
		SolutionGuid = {D321B956-6A0D-4D60-AAA4-F03D5FB6EB43}
	EndGlobalSection
EndGlobal
