
Microsoft Visual Studio Solution File, Format Version 12.00
# Visual Studio 15
VisualStudioVersion = 15.0.28307.645
MinimumVisualStudioVersion = 10.0.40219.1
Project("{FAE04EC0-301F-11D3-BF4B-00C04F79EFBC}") = "Practise", "Practise\Practise.csproj", "{1939764A-E668-47C4-AA7C-5AFA2DB6EFE7}"
EndProject
Project("{FAE04EC0-301F-11D3-BF4B-00C04F79EFBC}") = "Practise.Tests", "Practise.Tests\Practise.Tests.csproj", "{2866B7D5-D309-4E08-86C7-929604BE399A}"
EndProject
Project("{FAE04EC0-301F-11D3-BF4B-00C04F79EFBC}") = "Models", "Models\Models.csproj", "{E308BA3C-56F9-4936-B5A6-A2224F609EA5}"
EndProject
Project("{FAE04EC0-301F-11D3-BF4B-00C04F79EFBC}") = "WebApi", "WebApi\WebApi.csproj", "{8B1FFC86-3ECE-499C-B9FD-320A323FE8AD}"
EndProject
Project("{FAE04EC0-301F-11D3-BF4B-00C04F79EFBC}") = "Files", "Files\Files.csproj", "{3B4EE0BA-0C64-4729-9CB3-96AC2C2BD801}"
EndProject
Project("{FAE04EC0-301F-11D3-BF4B-00C04F79EFBC}") = "EFPractise", "EFPractise\EFPractise.csproj", "{CBE8D99C-EB71-4574-A824-71BC577B4310}"
EndProject
Project("{FAE04EC0-301F-11D3-BF4B-00C04F79EFBC}") = "ConsoleExamine", "ConsoleExamine\ConsoleExamine.csproj", "{9BCE2FFB-F757-4ECF-86BB-750F29C09873}"
EndProject
Project("{FAE04EC0-301F-11D3-BF4B-00C04F79EFBC}") = "WpfTestor", "WpfTestor\WpfTestor.csproj", "{B9198533-C18D-44E3-B064-D358653370C8}"
EndProject
Project("{2150E333-8FDC-42A3-9474-1A3956D46DE8}") = "silverlight practise", "silverlight practise", "{1F9E8DC8-A305-4878-9DEA-344146C372E1}"
EndProject
Project("{FAE04EC0-301F-11D3-BF4B-00C04F79EFBC}") = "SilverlightPractise", "SilverlightPractise\SilverlightPractise.csproj", "{CE1CE3BE-9903-4CEB-8596-FC9B3E1B48A2}"
	ProjectSection(ProjectDependencies) = postProject
		{F0BBB645-3C09-4C15-87C9-283582E636DD} = {F0BBB645-3C09-4C15-87C9-283582E636DD}
	EndProjectSection
EndProject
Project("{FAE04EC0-301F-11D3-BF4B-00C04F79EFBC}") = "SilverlightPractise.Web", "SilverlightPractise.Web\SilverlightPractise.Web.csproj", "{F0BBB645-3C09-4C15-87C9-283582E636DD}"
EndProject
Project("{FAE04EC0-301F-11D3-BF4B-00C04F79EFBC}") = "SilverlightPractiseInfrastructure", "SilverlightPractiseInfrastructure\SilverlightPractiseInfrastructure.csproj", "{91B92B48-153C-419B-88C8-75FAACF7A49D}"
EndProject
Project("{FAE04EC0-301F-11D3-BF4B-00C04F79EFBC}") = "Module1", "Module1\Module1.csproj", "{80E0B00F-2D61-48FC-9E03-5BE67008268C}"
EndProject
Project("{2150E333-8FDC-42A3-9474-1A3956D46DE8}") = "WPFPractise", "WPFPractise", "{7072C90A-B3A7-4DA5-B95D-9D2B6A40516A}"
EndProject
Project("{FAE04EC0-301F-11D3-BF4B-00C04F79EFBC}") = "WpfPractise", "WpfPractise\WpfPractise.csproj", "{ABBE7933-29E1-460B-999E-3D771A0BB949}"
EndProject
Project("{FAE04EC0-301F-11D3-BF4B-00C04F79EFBC}") = "ModuleA", "ModuleA\ModuleA.csproj", "{D0677768-0C98-4A11-BC18-053BDDC69E08}"
EndProject
Project("{FAE04EC0-301F-11D3-BF4B-00C04F79EFBC}") = "ModuleB", "ModuleB\ModuleB.csproj", "{1B957F7A-3CB7-4106-90D3-D24C2D558356}"
EndProject
Project("{9A19103F-16F7-4668-BE54-9A1E7A4F7556}") = "Core", "Core\Core.csproj", "{6965498F-5F72-468F-9CCA-E7891C57975A}"
EndProject
Project("{2150E333-8FDC-42A3-9474-1A3956D46DE8}") = "aspnetcore", "aspnetcore", "{47BF1219-9E8D-45ED-A2BB-11CDB27B5579}"
EndProject
Project("{9A19103F-16F7-4668-BE54-9A1E7A4F7556}") = "FirstAspNetCore", "FirstAspNetCore\FirstAspNetCore.csproj", "{32424B32-DC7C-4D0C-B8E0-F4BD43AC2252}"
EndProject
Project("{2150E333-8FDC-42A3-9474-1A3956D46DE8}") = "EntityFramewordCore", "EntityFramewordCore", "{63AA99B4-1100-4D7F-B2A9-FD1B1B807B8A}"
EndProject
Project("{9A19103F-16F7-4668-BE54-9A1E7A4F7556}") = "EFWeb", "EFWeb\EFWeb.csproj", "{4595CF67-C178-4D20-95F7-3C710BEDC66F}"
EndProject
Project("{9A19103F-16F7-4668-BE54-9A1E7A4F7556}") = "EFData", "EFData\EFData.csproj", "{BB19479C-7684-4AF9-A825-BEB8A11E0D46}"
EndProject
Project("{2150E333-8FDC-42A3-9474-1A3956D46DE8}") = "bootstrap", "bootstrap", "{52743DEE-3EAA-43EC-A8F7-474E71F5678B}"
EndProject
Project("{FAE04EC0-301F-11D3-BF4B-00C04F79EFBC}") = "BootstrapPractise", "BootstrapPractise\BootstrapPractise.csproj", "{BE991308-51A6-442E-B832-28BF1B2CE34E}"
EndProject
Global
	GlobalSection(SolutionConfigurationPlatforms) = preSolution
		Debug|Any CPU = Debug|Any CPU
		Release|Any CPU = Release|Any CPU
	EndGlobalSection
	GlobalSection(ProjectConfigurationPlatforms) = postSolution
		{1939764A-E668-47C4-AA7C-5AFA2DB6EFE7}.Debug|Any CPU.ActiveCfg = Debug|Any CPU
		{1939764A-E668-47C4-AA7C-5AFA2DB6EFE7}.Debug|Any CPU.Build.0 = Debug|Any CPU
		{1939764A-E668-47C4-AA7C-5AFA2DB6EFE7}.Release|Any CPU.ActiveCfg = Release|Any CPU
		{1939764A-E668-47C4-AA7C-5AFA2DB6EFE7}.Release|Any CPU.Build.0 = Release|Any CPU
		{2866B7D5-D309-4E08-86C7-929604BE399A}.Debug|Any CPU.ActiveCfg = Debug|Any CPU
		{2866B7D5-D309-4E08-86C7-929604BE399A}.Debug|Any CPU.Build.0 = Debug|Any CPU
		{2866B7D5-D309-4E08-86C7-929604BE399A}.Release|Any CPU.ActiveCfg = Release|Any CPU
		{2866B7D5-D309-4E08-86C7-929604BE399A}.Release|Any CPU.Build.0 = Release|Any CPU
		{E308BA3C-56F9-4936-B5A6-A2224F609EA5}.Debug|Any CPU.ActiveCfg = Debug|Any CPU
		{E308BA3C-56F9-4936-B5A6-A2224F609EA5}.Debug|Any CPU.Build.0 = Debug|Any CPU
		{E308BA3C-56F9-4936-B5A6-A2224F609EA5}.Release|Any CPU.ActiveCfg = Release|Any CPU
		{E308BA3C-56F9-4936-B5A6-A2224F609EA5}.Release|Any CPU.Build.0 = Release|Any CPU
		{8B1FFC86-3ECE-499C-B9FD-320A323FE8AD}.Debug|Any CPU.ActiveCfg = Debug|Any CPU
		{8B1FFC86-3ECE-499C-B9FD-320A323FE8AD}.Debug|Any CPU.Build.0 = Debug|Any CPU
		{8B1FFC86-3ECE-499C-B9FD-320A323FE8AD}.Release|Any CPU.ActiveCfg = Release|Any CPU
		{8B1FFC86-3ECE-499C-B9FD-320A323FE8AD}.Release|Any CPU.Build.0 = Release|Any CPU
		{3B4EE0BA-0C64-4729-9CB3-96AC2C2BD801}.Debug|Any CPU.ActiveCfg = Debug|Any CPU
		{3B4EE0BA-0C64-4729-9CB3-96AC2C2BD801}.Debug|Any CPU.Build.0 = Debug|Any CPU
		{3B4EE0BA-0C64-4729-9CB3-96AC2C2BD801}.Release|Any CPU.ActiveCfg = Release|Any CPU
		{3B4EE0BA-0C64-4729-9CB3-96AC2C2BD801}.Release|Any CPU.Build.0 = Release|Any CPU
		{CBE8D99C-EB71-4574-A824-71BC577B4310}.Debug|Any CPU.ActiveCfg = Debug|Any CPU
		{CBE8D99C-EB71-4574-A824-71BC577B4310}.Debug|Any CPU.Build.0 = Debug|Any CPU
		{CBE8D99C-EB71-4574-A824-71BC577B4310}.Release|Any CPU.ActiveCfg = Release|Any CPU
		{CBE8D99C-EB71-4574-A824-71BC577B4310}.Release|Any CPU.Build.0 = Release|Any CPU
		{9BCE2FFB-F757-4ECF-86BB-750F29C09873}.Debug|Any CPU.ActiveCfg = Debug|Any CPU
		{9BCE2FFB-F757-4ECF-86BB-750F29C09873}.Debug|Any CPU.Build.0 = Debug|Any CPU
		{9BCE2FFB-F757-4ECF-86BB-750F29C09873}.Release|Any CPU.ActiveCfg = Release|Any CPU
		{9BCE2FFB-F757-4ECF-86BB-750F29C09873}.Release|Any CPU.Build.0 = Release|Any CPU
		{B9198533-C18D-44E3-B064-D358653370C8}.Debug|Any CPU.ActiveCfg = Debug|Any CPU
		{B9198533-C18D-44E3-B064-D358653370C8}.Debug|Any CPU.Build.0 = Debug|Any CPU
		{B9198533-C18D-44E3-B064-D358653370C8}.Release|Any CPU.ActiveCfg = Release|Any CPU
		{B9198533-C18D-44E3-B064-D358653370C8}.Release|Any CPU.Build.0 = Release|Any CPU
		{CE1CE3BE-9903-4CEB-8596-FC9B3E1B48A2}.Debug|Any CPU.ActiveCfg = Debug|Any CPU
		{CE1CE3BE-9903-4CEB-8596-FC9B3E1B48A2}.Debug|Any CPU.Build.0 = Debug|Any CPU
		{CE1CE3BE-9903-4CEB-8596-FC9B3E1B48A2}.Release|Any CPU.ActiveCfg = Release|Any CPU
		{CE1CE3BE-9903-4CEB-8596-FC9B3E1B48A2}.Release|Any CPU.Build.0 = Release|Any CPU
		{F0BBB645-3C09-4C15-87C9-283582E636DD}.Debug|Any CPU.ActiveCfg = Debug|Any CPU
		{F0BBB645-3C09-4C15-87C9-283582E636DD}.Debug|Any CPU.Build.0 = Debug|Any CPU
		{F0BBB645-3C09-4C15-87C9-283582E636DD}.Release|Any CPU.ActiveCfg = Release|Any CPU
		{F0BBB645-3C09-4C15-87C9-283582E636DD}.Release|Any CPU.Build.0 = Release|Any CPU
		{91B92B48-153C-419B-88C8-75FAACF7A49D}.Debug|Any CPU.ActiveCfg = Debug|Any CPU
		{91B92B48-153C-419B-88C8-75FAACF7A49D}.Debug|Any CPU.Build.0 = Debug|Any CPU
		{91B92B48-153C-419B-88C8-75FAACF7A49D}.Release|Any CPU.ActiveCfg = Release|Any CPU
		{91B92B48-153C-419B-88C8-75FAACF7A49D}.Release|Any CPU.Build.0 = Release|Any CPU
		{80E0B00F-2D61-48FC-9E03-5BE67008268C}.Debug|Any CPU.ActiveCfg = Debug|Any CPU
		{80E0B00F-2D61-48FC-9E03-5BE67008268C}.Debug|Any CPU.Build.0 = Debug|Any CPU
		{80E0B00F-2D61-48FC-9E03-5BE67008268C}.Release|Any CPU.ActiveCfg = Release|Any CPU
		{80E0B00F-2D61-48FC-9E03-5BE67008268C}.Release|Any CPU.Build.0 = Release|Any CPU
		{ABBE7933-29E1-460B-999E-3D771A0BB949}.Debug|Any CPU.ActiveCfg = Debug|Any CPU
		{ABBE7933-29E1-460B-999E-3D771A0BB949}.Debug|Any CPU.Build.0 = Debug|Any CPU
		{ABBE7933-29E1-460B-999E-3D771A0BB949}.Release|Any CPU.ActiveCfg = Release|Any CPU
		{ABBE7933-29E1-460B-999E-3D771A0BB949}.Release|Any CPU.Build.0 = Release|Any CPU
		{D0677768-0C98-4A11-BC18-053BDDC69E08}.Debug|Any CPU.ActiveCfg = Debug|Any CPU
		{D0677768-0C98-4A11-BC18-053BDDC69E08}.Debug|Any CPU.Build.0 = Debug|Any CPU
		{D0677768-0C98-4A11-BC18-053BDDC69E08}.Release|Any CPU.ActiveCfg = Release|Any CPU
		{D0677768-0C98-4A11-BC18-053BDDC69E08}.Release|Any CPU.Build.0 = Release|Any CPU
		{1B957F7A-3CB7-4106-90D3-D24C2D558356}.Debug|Any CPU.ActiveCfg = Debug|Any CPU
		{1B957F7A-3CB7-4106-90D3-D24C2D558356}.Debug|Any CPU.Build.0 = Debug|Any CPU
		{1B957F7A-3CB7-4106-90D3-D24C2D558356}.Release|Any CPU.ActiveCfg = Release|Any CPU
		{1B957F7A-3CB7-4106-90D3-D24C2D558356}.Release|Any CPU.Build.0 = Release|Any CPU
		{6965498F-5F72-468F-9CCA-E7891C57975A}.Debug|Any CPU.ActiveCfg = Debug|Any CPU
		{6965498F-5F72-468F-9CCA-E7891C57975A}.Debug|Any CPU.Build.0 = Debug|Any CPU
		{6965498F-5F72-468F-9CCA-E7891C57975A}.Release|Any CPU.ActiveCfg = Release|Any CPU
		{6965498F-5F72-468F-9CCA-E7891C57975A}.Release|Any CPU.Build.0 = Release|Any CPU
		{32424B32-DC7C-4D0C-B8E0-F4BD43AC2252}.Debug|Any CPU.ActiveCfg = Debug|Any CPU
		{32424B32-DC7C-4D0C-B8E0-F4BD43AC2252}.Debug|Any CPU.Build.0 = Debug|Any CPU
		{32424B32-DC7C-4D0C-B8E0-F4BD43AC2252}.Release|Any CPU.ActiveCfg = Release|Any CPU
		{32424B32-DC7C-4D0C-B8E0-F4BD43AC2252}.Release|Any CPU.Build.0 = Release|Any CPU
		{4595CF67-C178-4D20-95F7-3C710BEDC66F}.Debug|Any CPU.ActiveCfg = Debug|Any CPU
		{4595CF67-C178-4D20-95F7-3C710BEDC66F}.Debug|Any CPU.Build.0 = Debug|Any CPU
		{4595CF67-C178-4D20-95F7-3C710BEDC66F}.Release|Any CPU.ActiveCfg = Release|Any CPU
		{4595CF67-C178-4D20-95F7-3C710BEDC66F}.Release|Any CPU.Build.0 = Release|Any CPU
		{BB19479C-7684-4AF9-A825-BEB8A11E0D46}.Debug|Any CPU.ActiveCfg = Debug|Any CPU
		{BB19479C-7684-4AF9-A825-BEB8A11E0D46}.Debug|Any CPU.Build.0 = Debug|Any CPU
		{BB19479C-7684-4AF9-A825-BEB8A11E0D46}.Release|Any CPU.ActiveCfg = Release|Any CPU
		{BB19479C-7684-4AF9-A825-BEB8A11E0D46}.Release|Any CPU.Build.0 = Release|Any CPU
		{BE991308-51A6-442E-B832-28BF1B2CE34E}.Debug|Any CPU.ActiveCfg = Debug|Any CPU
		{BE991308-51A6-442E-B832-28BF1B2CE34E}.Debug|Any CPU.Build.0 = Debug|Any CPU
		{BE991308-51A6-442E-B832-28BF1B2CE34E}.Release|Any CPU.ActiveCfg = Release|Any CPU
		{BE991308-51A6-442E-B832-28BF1B2CE34E}.Release|Any CPU.Build.0 = Release|Any CPU
	EndGlobalSection
	GlobalSection(SolutionProperties) = preSolution
		HideSolutionNode = FALSE
	EndGlobalSection
	GlobalSection(NestedProjects) = preSolution
		{CE1CE3BE-9903-4CEB-8596-FC9B3E1B48A2} = {1F9E8DC8-A305-4878-9DEA-344146C372E1}
		{F0BBB645-3C09-4C15-87C9-283582E636DD} = {1F9E8DC8-A305-4878-9DEA-344146C372E1}
		{91B92B48-153C-419B-88C8-75FAACF7A49D} = {1F9E8DC8-A305-4878-9DEA-344146C372E1}
		{80E0B00F-2D61-48FC-9E03-5BE67008268C} = {1F9E8DC8-A305-4878-9DEA-344146C372E1}
		{ABBE7933-29E1-460B-999E-3D771A0BB949} = {7072C90A-B3A7-4DA5-B95D-9D2B6A40516A}
		{D0677768-0C98-4A11-BC18-053BDDC69E08} = {7072C90A-B3A7-4DA5-B95D-9D2B6A40516A}
		{1B957F7A-3CB7-4106-90D3-D24C2D558356} = {7072C90A-B3A7-4DA5-B95D-9D2B6A40516A}
		{6965498F-5F72-468F-9CCA-E7891C57975A} = {7072C90A-B3A7-4DA5-B95D-9D2B6A40516A}
		{32424B32-DC7C-4D0C-B8E0-F4BD43AC2252} = {47BF1219-9E8D-45ED-A2BB-11CDB27B5579}
		{4595CF67-C178-4D20-95F7-3C710BEDC66F} = {63AA99B4-1100-4D7F-B2A9-FD1B1B807B8A}
		{BB19479C-7684-4AF9-A825-BEB8A11E0D46} = {63AA99B4-1100-4D7F-B2A9-FD1B1B807B8A}
		{BE991308-51A6-442E-B832-28BF1B2CE34E} = {52743DEE-3EAA-43EC-A8F7-474E71F5678B}
	EndGlobalSection
	GlobalSection(ExtensibilityGlobals) = postSolution
		SolutionGuid = {3824985F-5A47-4BFF-8D05-F85AE62EEAA9}
	EndGlobalSection
EndGlobal
